PODS:
  - Alamofire (4.4.0)
  - Moya (8.0.3):
    - Moya/Core (= 8.0.3)
  - Moya/Core (8.0.3):
    - Alamofire (~> 4.1)
    - Result (~> 3.0)
  - MoyaSugar (0.4.0):
    - MoyaSugar/Core (= 0.4.0)
  - MoyaSugar/Core (0.4.0):
    - Moya (>= 8.0.0)
  - QRCodeReader.swift (7.4.1)
  - Result (3.2.1)
  - SwiftEventBus (2.1.2)
  - SwiftyJSON (3.1.4)

DEPENDENCIES:
  - Moya
  - MoyaSugar (~> 0.4)
  - QRCodeReader.swift (~> 7.4.1)
  - SwiftEventBus (~> 2.1)
  - SwiftyJSON (~> 3.1)

SPEC CHECKSUMS:
  Alamofire: dc44b1600b800eb63da6a19039a0083d62a6a62d
  Moya: d3721622e3cc0cc2f038d69a258686f0b66e7252
  MoyaSugar: 302175740302bed7309b9483c4a3321631eab753
  QRCodeReader.swift: 39b149584852b7b721012126d38a14024b851366
  Result: 2453a22e5c5b11c0c3a478736e82cd02f763b781
  SwiftEventBus: 9e8f6d8cff2826d66536ec367d17a47299478aa0
  SwiftyJSON: c2842d878f95482ffceec5709abc3d05680c0220

PODFILE CHECKSUM: 48e3fe65b350f1dd2cfd2102c8f9739820f392e6

COCOAPODS: 1.2.1
